{
  "object": {
    "pins": [
      {
        "package": "KMMViewModel",
        "repositoryURL": "https://github.com/rickclephas/KMM-ViewModel.git",
        "state": {
          "branch": null,
          "revision": "ee4a96b11cab114d0abb43acddcb9edbc75f922c",
          "version": "1.0.0-ALPHA-4"
        }
      },
      {
        "package": "KMPNativeCoroutines",
        "repositoryURL": "https://github.com/rickclephas/KMP-NativeCoroutines.git",
        "state": {
          "branch": null,
          "revision": "8145cea0c40b1a1346ae82d2276da27bef147bce",
          "version": "1.0.0-ALPHA-5"
        }
      },
      {
        "package": "RxSwift",
        "repositoryURL": "https://github.com/ReactiveX/RxSwift.git",
        "state": {
          "branch": null,
          "revision": "b4307ba0b6425c0ba4178e138799946c3da594f8",
          "version": "6.5.0"
        }
      }
    ]
  },
  "version": 1
}
